
Microsoft Visual Studio Solution File, Format Version 12.00
# Visual Studio Version 17
VisualStudioVersion = 17.1.32421.90
MinimumVisualStudioVersion = 10.0.40219.1
Project("{FAE04EC0-301F-11D3-BF4B-00C04F79EFBC}") = "Procesare_Caractere", "Procesare_Caractere.csproj", "{A804EF3E-E697-4618-ADE4-412D93DAC732}"
EndProject
Global
	GlobalSection(SolutionConfigurationPlatforms) = preSolution
		Debug|Any CPU = Debug|Any CPU
		Release|Any CPU = Release|Any CPU
	EndGlobalSection
	GlobalSection(ProjectConfigurationPlatforms) = postSolution
		{A804EF3E-E697-4618-ADE4-412D93DAC732}.Debug|Any CPU.ActiveCfg = Debug|Any CPU
		{A804EF3E-E697-4618-ADE4-412D93DAC732}.Debug|Any CPU.Build.0 = Debug|Any CPU
		{A804EF3E-E697-4618-ADE4-412D93DAC732}.Release|Any CPU.ActiveCfg = Release|Any CPU
		{A804EF3E-E697-4618-ADE4-412D93DAC732}.Release|Any CPU.Build.0 = Release|Any CPU
	EndGlobalSection
	GlobalSection(SolutionProperties) = preSolution
		HideSolutionNode = FALSE
	EndGlobalSection
	GlobalSection(ExtensibilityGlobals) = postSolution
		SolutionGuid = {AEA3DBD3-54D4-48C3-A15C-9AF148F91C2C}
	EndGlobalSection
EndGlobal
